{
  "object": {
    "pins": [
      {
        "package": "CareKit",
        "repositoryURL": "https://github.com/carekit-apple/CareKit",
        "state": {
          "branch": "stable",
          "revision": "b97fa7b3c97aa5a99da98cee481eecc51aa90765",
          "version": null
        }
      },
      {
        "package": "InAppSettingsKit",
        "repositoryURL": "https://github.com/futuretap/InAppSettingsKit.git",
        "state": {
          "branch": null,
          "revision": "3a5a389f8a69da20fff3f471e2584e98a1a0e5ac",
          "version": "3.1.8"
        }
      }
    ]
  },
  "version": 1
}
