// !$*UTF8*$!
{
	archiveVersion = 1;
	classes = {
	};
	objectVersion = 51;
	objects = {

/* Begin PBXBuildFile section */
		0B63969CE6C6A8C17208F5BB /* LaunchScreen.storyboard in Resources */ = {isa = PBXBuildFile; fileRef = 1CEC8B61A2B382A454DFB759 /* LaunchScreen.storyboard */; };
		0CE0E3C29E521838D919BDCD /* Assets.xcassets in Resources */ = {isa = PBXBuildFile; fileRef = A8D6636D32350437B52BF16D /* Assets.xcassets */; };
		319FD4A22E01521C60F5C8E6 /* SceneDelegate.swift in Sources */ = {isa = PBXBuildFile; fileRef = BEE48FF325C580155FD62279 /* SceneDelegate.swift */; };
		399A5E7BCCC509F02EB7852D /* MainTabViewController.swift in Sources */ = {isa = PBXBuildFile; fileRef = 3693E25E6A23B032FCBB15BB /* MainTabViewController.swift */; };
		40AC6F2253711AD700AAA2C9 /* UIView+Extension.swift in Sources */ = {isa = PBXBuildFile; fileRef = 3ED327D5DB0207A4B2940928 /* UIView+Extension.swift */; };
		5110AAD9810D5D5DF26F4B2C /* AppDelegate.swift in Sources */ = {isa = PBXBuildFile; fileRef = 37FA7AACC16EFFB7AEA6D0F8 /* AppDelegate.swift */; };
		633849EFA9C15F022D043884 /* Colors.xcassets in Resources */ = {isa = PBXBuildFile; fileRef = D0FA53C784A626E63E1648F9 /* Colors.xcassets */; };
		694725E4395CF97582E7EC3C /* UITableviewCell+Extension.swift in Sources */ = {isa = PBXBuildFile; fileRef = 9D984080EDD2F73A2A5E1CDD /* UITableviewCell+Extension.swift */; };
		8B62A7670B7460CED94AFF89 /* SimpleTabViewController.swift in Sources */ = {isa = PBXBuildFile; fileRef = C940C73299B37115E18DEC0A /* SimpleTabViewController.swift */; };
		8DBA154E687156E7BF6BBE01 /* MainNavigationController.swift in Sources */ = {isa = PBXBuildFile; fileRef = 5E4B3CC3BD241092DB12DB93 /* MainNavigationController.swift */; };
		9876E139F8A36926083460D5 /* WellnessDiary.xcdatamodeld in Sources */ = {isa = PBXBuildFile; fileRef = ABAC3454F5CCF34B9AA3E113 /* WellnessDiary.xcdatamodeld */; };
		9C29D62E2FFCE399C7AD2DB1 /* UIViewController+Extension.swift in Sources */ = {isa = PBXBuildFile; fileRef = 8B31327A469D95C4B6CCE6F6 /* UIViewController+Extension.swift */; };
		9D453B9F2066200353EAE1A9 /* Date+Extension.swift in Sources */ = {isa = PBXBuildFile; fileRef = 4F0EADD17469A8E113703FEA /* Date+Extension.swift */; };
		A992D6F6C9F0F33BF2AB02BD /* UIButton+Extension.swift in Sources */ = {isa = PBXBuildFile; fileRef = 64B082016E5C51FCFD01C06B /* UIButton+Extension.swift */; };
		AB2E798025B26B18008B37B4 /* Colors.swift in Sources */ = {isa = PBXBuildFile; fileRef = AB2E797F25B26B18008B37B4 /* Colors.swift */; };
		AB350407E3CED47A2BF85B97 /* SimpleNavigationViewController.swift in Sources */ = {isa = PBXBuildFile; fileRef = 1250D3A2AD7B5613FEBDEED6 /* SimpleNavigationViewController.swift */; };
		B12260E79C137718798B77F3 /* UIImage+Extension.swift in Sources */ = {isa = PBXBuildFile; fileRef = 4895A81BAE10799A35A91E93 /* UIImage+Extension.swift */; };
		CB69BCC8DB599350090E033A /* Collection+Extension.swift in Sources */ = {isa = PBXBuildFile; fileRef = 36DDF026850C3F78D13B563B /* Collection+Extension.swift */; };
		D98BF8D0A77D93E31116D765 /* UITableview+Extension.swift in Sources */ = {isa = PBXBuildFile; fileRef = B35C4CCDE4DA69A35418758B /* UITableview+Extension.swift */; };
		DF8C40D43EB6893ACA99A816 /* SimpleViewController.swift in Sources */ = {isa = PBXBuildFile; fileRef = A3CD31B7F9177C89437D51DF /* SimpleViewController.swift */; };
		E4F0112CB37B6387993FB2F5 /* CoreDataManager.swift in Sources */ = {isa = PBXBuildFile; fileRef = 5C3B73742C91BBF067937552 /* CoreDataManager.swift */; };
/* End PBXBuildFile section */

/* Begin PBXFileReference section */
		1250D3A2AD7B5613FEBDEED6 /* SimpleNavigationViewController.swift */ = {isa = PBXFileReference; lastKnownFileType = sourcecode.swift; path = SimpleNavigationViewController.swift; sourceTree = "<group>"; };
		3693E25E6A23B032FCBB15BB /* MainTabViewController.swift */ = {isa = PBXFileReference; lastKnownFileType = sourcecode.swift; path = MainTabViewController.swift; sourceTree = "<group>"; };
		36DDF026850C3F78D13B563B /* Collection+Extension.swift */ = {isa = PBXFileReference; lastKnownFileType = sourcecode.swift; path = "Collection+Extension.swift"; sourceTree = "<group>"; };
		37FA7AACC16EFFB7AEA6D0F8 /* AppDelegate.swift */ = {isa = PBXFileReference; lastKnownFileType = sourcecode.swift; path = AppDelegate.swift; sourceTree = "<group>"; };
		3ED327D5DB0207A4B2940928 /* UIView+Extension.swift */ = {isa = PBXFileReference; lastKnownFileType = sourcecode.swift; path = "UIView+Extension.swift"; sourceTree = "<group>"; };
		4895A81BAE10799A35A91E93 /* UIImage+Extension.swift */ = {isa = PBXFileReference; lastKnownFileType = sourcecode.swift; path = "UIImage+Extension.swift"; sourceTree = "<group>"; };
		4F0EADD17469A8E113703FEA /* Date+Extension.swift */ = {isa = PBXFileReference; lastKnownFileType = sourcecode.swift; path = "Date+Extension.swift"; sourceTree = "<group>"; };
		5C3B73742C91BBF067937552 /* CoreDataManager.swift */ = {isa = PBXFileReference; lastKnownFileType = sourcecode.swift; path = CoreDataManager.swift; sourceTree = "<group>"; };
		5E4B3CC3BD241092DB12DB93 /* MainNavigationController.swift */ = {isa = PBXFileReference; lastKnownFileType = sourcecode.swift; path = MainNavigationController.swift; sourceTree = "<group>"; };
		62828B4B2D7C7A8437472C6C /* WellnessDiary.xcdatamodel */ = {isa = PBXFileReference; lastKnownFileType = wrapper.xcdatamodel; path = WellnessDiary.xcdatamodel; sourceTree = "<group>"; };
		64B082016E5C51FCFD01C06B /* UIButton+Extension.swift */ = {isa = PBXFileReference; lastKnownFileType = sourcecode.swift; path = "UIButton+Extension.swift"; sourceTree = "<group>"; };
		8B31327A469D95C4B6CCE6F6 /* UIViewController+Extension.swift */ = {isa = PBXFileReference; lastKnownFileType = sourcecode.swift; path = "UIViewController+Extension.swift"; sourceTree = "<group>"; };
		90DF4AF2A837E77B63A8BCCC /* WellnessDiary.app */ = {isa = PBXFileReference; includeInIndex = 0; lastKnownFileType = wrapper.application; path = WellnessDiary.app; sourceTree = BUILT_PRODUCTS_DIR; };
		9D984080EDD2F73A2A5E1CDD /* UITableviewCell+Extension.swift */ = {isa = PBXFileReference; lastKnownFileType = sourcecode.swift; path = "UITableviewCell+Extension.swift"; sourceTree = "<group>"; };
		A3CD31B7F9177C89437D51DF /* SimpleViewController.swift */ = {isa = PBXFileReference; lastKnownFileType = sourcecode.swift; path = SimpleViewController.swift; sourceTree = "<group>"; };
		A8D6636D32350437B52BF16D /* Assets.xcassets */ = {isa = PBXFileReference; lastKnownFileType = folder.assetcatalog; path = Assets.xcassets; sourceTree = "<group>"; };
		AAC2558D975C5C64245E2372 /* Base */ = {isa = PBXFileReference; lastKnownFileType = file.storyboard; name = Base; path = Base.lproj/LaunchScreen.storyboard; sourceTree = "<group>"; };
		AB2E797F25B26B18008B37B4 /* Colors.swift */ = {isa = PBXFileReference; fileEncoding = 4; lastKnownFileType = sourcecode.swift; path = Colors.swift; sourceTree = "<group>"; };
		B35C4CCDE4DA69A35418758B /* UITableview+Extension.swift */ = {isa = PBXFileReference; lastKnownFileType = sourcecode.swift; path = "UITableview+Extension.swift"; sourceTree = "<group>"; };
		BEE48FF325C580155FD62279 /* SceneDelegate.swift */ = {isa = PBXFileReference; lastKnownFileType = sourcecode.swift; path = SceneDelegate.swift; sourceTree = "<group>"; };
		C940C73299B37115E18DEC0A /* SimpleTabViewController.swift */ = {isa = PBXFileReference; lastKnownFileType = sourcecode.swift; path = SimpleTabViewController.swift; sourceTree = "<group>"; };
		CB9E2895F53F79CC38FA56BC /* Info.plist */ = {isa = PBXFileReference; lastKnownFileType = text.plist; path = Info.plist; sourceTree = "<group>"; };
		D0FA53C784A626E63E1648F9 /* Colors.xcassets */ = {isa = PBXFileReference; lastKnownFileType = folder.assetcatalog; path = Colors.xcassets; sourceTree = "<group>"; };
/* End PBXFileReference section */

/* Begin PBXGroup section */
		0B5DEA200C24B945B777F787 /* WellnessDiary */ = {
			isa = PBXGroup;
			children = (
				658CD080FDA4F6F0E47A771E /* Resources */,
				AB2E797D25B2689D008B37B4 /* Generated */,
				CB9E2895F53F79CC38FA56BC /* Info.plist */,
				EE99487FB21F30BAE2CFD887 /* Extensions */,
				5C3BBAA04845D93BB672BE18 /* Model */,
				48B10A2DC96D85E6C7E64B6C /* Storyboards */,
			);
			path = WellnessDiary;
			sourceTree = "<group>";
		};
		1844256F92E28A9BAC1C2FD5 /* NavigationController */ = {
			isa = PBXGroup;
			children = (
				5E4B3CC3BD241092DB12DB93 /* MainNavigationController.swift */,
				1250D3A2AD7B5613FEBDEED6 /* SimpleNavigationViewController.swift */,
			);
			path = NavigationController;
			sourceTree = "<group>";
		};
		48B10A2DC96D85E6C7E64B6C /* Storyboards */ = {
			isa = PBXGroup;
			children = (
				1CEC8B61A2B382A454DFB759 /* LaunchScreen.storyboard */,
			);
			path = Storyboards;
			sourceTree = "<group>";
		};
		5C3BBAA04845D93BB672BE18 /* Model */ = {
			isa = PBXGroup;
			children = (
				FA8936BB7FF9EE61E1743A88 /* CoreData */,
				1844256F92E28A9BAC1C2FD5 /* NavigationController */,
				A27CBFFC5BE9BC90E538B788 /* TabViewController */,
				D5A149489B3514AEB540439D /* ViewControllers */,
			);
			path = Model;
			sourceTree = "<group>";
		};
		658CD080FDA4F6F0E47A771E /* Resources */ = {
			isa = PBXGroup;
			children = (
				37FA7AACC16EFFB7AEA6D0F8 /* AppDelegate.swift */,
				A8D6636D32350437B52BF16D /* Assets.xcassets */,
				D0FA53C784A626E63E1648F9 /* Colors.xcassets */,
				BEE48FF325C580155FD62279 /* SceneDelegate.swift */,
			);
			path = Resources;
			sourceTree = "<group>";
		};
		907B1442F3F53CF9F337E424 /* Products */ = {
			isa = PBXGroup;
			children = (
				90DF4AF2A837E77B63A8BCCC /* WellnessDiary.app */,
			);
			name = Products;
			sourceTree = "<group>";
		};
		A27CBFFC5BE9BC90E538B788 /* TabViewController */ = {
			isa = PBXGroup;
			children = (
				3693E25E6A23B032FCBB15BB /* MainTabViewController.swift */,
				C940C73299B37115E18DEC0A /* SimpleTabViewController.swift */,
			);
			path = TabViewController;
			sourceTree = "<group>";
		};
		A6BEE39E06F8D72833A4CB3D = {
			isa = PBXGroup;
			children = (
				0B5DEA200C24B945B777F787 /* WellnessDiary */,
				907B1442F3F53CF9F337E424 /* Products */,
			);
			indentWidth = 2;
			sourceTree = "<group>";
			tabWidth = 2;
		};
		AB2E797D25B2689D008B37B4 /* Generated */ = {
			isa = PBXGroup;
			children = (
				AB2E797F25B26B18008B37B4 /* Colors.swift */,
			);
			path = Generated;
			sourceTree = "<group>";
		};
		D5A149489B3514AEB540439D /* ViewControllers */ = {
			isa = PBXGroup;
			children = (
				A3CD31B7F9177C89437D51DF /* SimpleViewController.swift */,
			);
			path = ViewControllers;
			sourceTree = "<group>";
		};
		EE99487FB21F30BAE2CFD887 /* Extensions */ = {
			isa = PBXGroup;
			children = (
				36DDF026850C3F78D13B563B /* Collection+Extension.swift */,
				4F0EADD17469A8E113703FEA /* Date+Extension.swift */,
				64B082016E5C51FCFD01C06B /* UIButton+Extension.swift */,
				4895A81BAE10799A35A91E93 /* UIImage+Extension.swift */,
				B35C4CCDE4DA69A35418758B /* UITableview+Extension.swift */,
				9D984080EDD2F73A2A5E1CDD /* UITableviewCell+Extension.swift */,
				3ED327D5DB0207A4B2940928 /* UIView+Extension.swift */,
				8B31327A469D95C4B6CCE6F6 /* UIViewController+Extension.swift */,
			);
			path = Extensions;
			sourceTree = "<group>";
		};
		FA8936BB7FF9EE61E1743A88 /* CoreData */ = {
			isa = PBXGroup;
			children = (
				5C3B73742C91BBF067937552 /* CoreDataManager.swift */,
				ABAC3454F5CCF34B9AA3E113 /* WellnessDiary.xcdatamodeld */,
			);
			path = CoreData;
			sourceTree = "<group>";
		};
/* End PBXGroup section */

/* Begin PBXNativeTarget section */
		036D3EF5B51861D370007DCA /* WellnessDiary */ = {
			isa = PBXNativeTarget;
			buildConfigurationList = 11BEA8D9920A4156DDC21E07 /* Build configuration list for PBXNativeTarget "WellnessDiary" */;
			buildPhases = (
				AB2E798225B26B9D008B37B4 /* swiftgen */,
				65EF255A9DD5F6AB97E253CE /* Sources */,
				190507F8F6A7FDCE6E121B9D /* Resources */,
			);
			buildRules = (
			);
			dependencies = (
			);
			name = WellnessDiary;
			productName = WellnessDiary;
			productReference = 90DF4AF2A837E77B63A8BCCC /* WellnessDiary.app */;
			productType = "com.apple.product-type.application";
		};
/* End PBXNativeTarget section */

/* Begin PBXProject section */
		9BDFC21C6C1C0F6256FCA8C8 /* Project object */ = {
			isa = PBXProject;
			attributes = {
				LastUpgradeCheck = 1200;
			};
			buildConfigurationList = C816135A5D9A59F61F0CD6AD /* Build configuration list for PBXProject "WellnessDiary" */;
			compatibilityVersion = "Xcode 10.0";
			developmentRegion = en;
			hasScannedForEncodings = 0;
			knownRegions = (
				Base,
				en,
			);
			mainGroup = A6BEE39E06F8D72833A4CB3D;
			projectDirPath = "";
			projectRoot = "";
			targets = (
				036D3EF5B51861D370007DCA /* WellnessDiary */,
			);
		};
/* End PBXProject section */

/* Begin PBXResourcesBuildPhase section */
		190507F8F6A7FDCE6E121B9D /* Resources */ = {
			isa = PBXResourcesBuildPhase;
			buildActionMask = 2147483647;
			files = (
				0CE0E3C29E521838D919BDCD /* Assets.xcassets in Resources */,
				633849EFA9C15F022D043884 /* Colors.xcassets in Resources */,
				0B63969CE6C6A8C17208F5BB /* LaunchScreen.storyboard in Resources */,
			);
			runOnlyForDeploymentPostprocessing = 0;
		};
/* End PBXResourcesBuildPhase section */

/* Begin PBXShellScriptBuildPhase section */
		AB2E798225B26B9D008B37B4 /* swiftgen */ = {
			isa = PBXShellScriptBuildPhase;
			buildActionMask = 2147483647;
			files = (
			);
			inputFileListPaths = (
			);
			inputPaths = (
			);
			name = swiftgen;
			outputFileListPaths = (
			);
			outputPaths = (
			);
			runOnlyForDeploymentPostprocessing = 0;
			shellPath = /bin/sh;
			shellScript = "# Type a script or drag a script file from your workspace to insert its path.\nswiftgen\n";
		};
/* End PBXShellScriptBuildPhase section */

/* Begin PBXSourcesBuildPhase section */
		65EF255A9DD5F6AB97E253CE /* Sources */ = {
			isa = PBXSourcesBuildPhase;
			buildActionMask = 2147483647;
			files = (
				5110AAD9810D5D5DF26F4B2C /* AppDelegate.swift in Sources */,
				AB2E798025B26B18008B37B4 /* Colors.swift in Sources */,
				CB69BCC8DB599350090E033A /* Collection+Extension.swift in Sources */,
				E4F0112CB37B6387993FB2F5 /* CoreDataManager.swift in Sources */,
				9D453B9F2066200353EAE1A9 /* Date+Extension.swift in Sources */,
				8DBA154E687156E7BF6BBE01 /* MainNavigationController.swift in Sources */,
				399A5E7BCCC509F02EB7852D /* MainTabViewController.swift in Sources */,
				319FD4A22E01521C60F5C8E6 /* SceneDelegate.swift in Sources */,
				AB350407E3CED47A2BF85B97 /* SimpleNavigationViewController.swift in Sources */,
				8B62A7670B7460CED94AFF89 /* SimpleTabViewController.swift in Sources */,
				DF8C40D43EB6893ACA99A816 /* SimpleViewController.swift in Sources */,
				A992D6F6C9F0F33BF2AB02BD /* UIButton+Extension.swift in Sources */,
				B12260E79C137718798B77F3 /* UIImage+Extension.swift in Sources */,
				D98BF8D0A77D93E31116D765 /* UITableview+Extension.swift in Sources */,
				694725E4395CF97582E7EC3C /* UITableviewCell+Extension.swift in Sources */,
				40AC6F2253711AD700AAA2C9 /* UIView+Extension.swift in Sources */,
				9C29D62E2FFCE399C7AD2DB1 /* UIViewController+Extension.swift in Sources */,
				9876E139F8A36926083460D5 /* WellnessDiary.xcdatamodeld in Sources */,
			);
			runOnlyForDeploymentPostprocessing = 0;
		};
/* End PBXSourcesBuildPhase section */

/* Begin PBXVariantGroup section */
		1CEC8B61A2B382A454DFB759 /* LaunchScreen.storyboard */ = {
			isa = PBXVariantGroup;
			children = (
				AAC2558D975C5C64245E2372 /* Base */,
			);
			name = LaunchScreen.storyboard;
			sourceTree = "<group>";
		};
/* End PBXVariantGroup section */

/* Begin XCBuildConfiguration section */
		3D3ABF750F71EA609D130E4B /* Debug */ = {
			isa = XCBuildConfiguration;
			buildSettings = {
				ASSETCATALOG_COMPILER_APPICON_NAME = AppIcon;
				CODE_SIGN_IDENTITY = "iPhone Developer";
				INFOPLIST_FILE = WellnessDiary/Info.plist;
				IPHONEOS_DEPLOYMENT_TARGET = 14.3;
				LD_RUNPATH_SEARCH_PATHS = (
					"$(inherited)",
					"@executable_path/Frameworks",
				);
				PRODUCT_BUNDLE_IDENTIFIER = com.HealthEssentialTechnologies.WellnessDiary.WellnessDiary;
				SDKROOT = iphoneos;
				TARGETED_DEVICE_FAMILY = "1,2";
			};
			name = Debug;
		};
		75401D21AD9429A32BF879E5 /* Debug */ = {
			isa = XCBuildConfiguration;
			buildSettings = {
				ALWAYS_SEARCH_USER_PATHS = NO;
				CLANG_ANALYZER_NONNULL = YES;
				CLANG_ANALYZER_NUMBER_OBJECT_CONVERSION = YES_AGGRESSIVE;
				CLANG_CXX_LANGUAGE_STANDARD = "gnu++14";
				CLANG_CXX_LIBRARY = "libc++";
				CLANG_ENABLE_MODULES = YES;
				CLANG_ENABLE_OBJC_ARC = YES;
				CLANG_ENABLE_OBJC_WEAK = YES;
				CLANG_WARN_BLOCK_CAPTURE_AUTORELEASING = YES;
				CLANG_WARN_BOOL_CONVERSION = YES;
				CLANG_WARN_COMMA = YES;
				CLANG_WARN_CONSTANT_CONVERSION = YES;
				CLANG_WARN_DEPRECATED_OBJC_IMPLEMENTATIONS = YES;
				CLANG_WARN_DIRECT_OBJC_ISA_USAGE = YES_ERROR;
				CLANG_WARN_DOCUMENTATION_COMMENTS = YES;
				CLANG_WARN_EMPTY_BODY = YES;
				CLANG_WARN_ENUM_CONVERSION = YES;
				CLANG_WARN_INFINITE_RECURSION = YES;
				CLANG_WARN_INT_CONVERSION = YES;
				CLANG_WARN_NON_LITERAL_NULL_CONVERSION = YES;
				CLANG_WARN_OBJC_IMPLICIT_RETAIN_SELF = YES;
				CLANG_WARN_OBJC_LITERAL_CONVERSION = YES;
				CLANG_WARN_OBJC_ROOT_CLASS = YES_ERROR;
				CLANG_WARN_QUOTED_INCLUDE_IN_FRAMEWORK_HEADER = YES;
				CLANG_WARN_RANGE_LOOP_ANALYSIS = YES;
				CLANG_WARN_STRICT_PROTOTYPES = YES;
				CLANG_WARN_SUSPICIOUS_MOVE = YES;
				CLANG_WARN_UNGUARDED_AVAILABILITY = YES_AGGRESSIVE;
				CLANG_WARN_UNREACHABLE_CODE = YES;
				CLANG_WARN__DUPLICATE_METHOD_MATCH = YES;
				COPY_PHASE_STRIP = NO;
				DEBUG_INFORMATION_FORMAT = dwarf;
				ENABLE_STRICT_OBJC_MSGSEND = YES;
				ENABLE_TESTABILITY = YES;
				GCC_C_LANGUAGE_STANDARD = gnu11;
				GCC_DYNAMIC_NO_PIC = NO;
				GCC_NO_COMMON_BLOCKS = YES;
				GCC_OPTIMIZATION_LEVEL = 0;
				GCC_PREPROCESSOR_DEFINITIONS = (
					"$(inherited)",
					"DEBUG=1",
				);
				GCC_WARN_64_TO_32_BIT_CONVERSION = YES;
				GCC_WARN_ABOUT_RETURN_TYPE = YES_ERROR;
				GCC_WARN_UNDECLARED_SELECTOR = YES;
				GCC_WARN_UNINITIALIZED_AUTOS = YES_AGGRESSIVE;
				GCC_WARN_UNUSED_FUNCTION = YES;
				GCC_WARN_UNUSED_VARIABLE = YES;
				MTL_ENABLE_DEBUG_INFO = INCLUDE_SOURCE;
				MTL_FAST_MATH = YES;
				ONLY_ACTIVE_ARCH = YES;
				PRODUCT_NAME = "$(TARGET_NAME)";
				SDKROOT = iphoneos;
				SWIFT_ACTIVE_COMPILATION_CONDITIONS = DEBUG;
				SWIFT_OPTIMIZATION_LEVEL = "-Onone";
				SWIFT_VERSION = 5.0;
			};
			name = Debug;
		};
		BC5B917078E17F650EB17E11 /* Release */ = {
			isa = XCBuildConfiguration;
			buildSettings = {
				ALWAYS_SEARCH_USER_PATHS = NO;
				CLANG_ANALYZER_NONNULL = YES;
				CLANG_ANALYZER_NUMBER_OBJECT_CONVERSION = YES_AGGRESSIVE;
				CLANG_CXX_LANGUAGE_STANDARD = "gnu++14";
				CLANG_CXX_LIBRARY = "libc++";
				CLANG_ENABLE_MODULES = YES;
				CLANG_ENABLE_OBJC_ARC = YES;
				CLANG_ENABLE_OBJC_WEAK = YES;
				CLANG_WARN_BLOCK_CAPTURE_AUTORELEASING = YES;
				CLANG_WARN_BOOL_CONVERSION = YES;
				CLANG_WARN_COMMA = YES;
				CLANG_WARN_CONSTANT_CONVERSION = YES;
				CLANG_WARN_DEPRECATED_OBJC_IMPLEMENTATIONS = YES;
				CLANG_WARN_DIRECT_OBJC_ISA_USAGE = YES_ERROR;
				CLANG_WARN_DOCUMENTATION_COMMENTS = YES;
				CLANG_WARN_EMPTY_BODY = YES;
				CLANG_WARN_ENUM_CONVERSION = YES;
				CLANG_WARN_INFINITE_RECURSION = YES;
				CLANG_WARN_INT_CONVERSION = YES;
				CLANG_WARN_NON_LITERAL_NULL_CONVERSION = YES;
				CLANG_WARN_OBJC_IMPLICIT_RETAIN_SELF = YES;
				CLANG_WARN_OBJC_LITERAL_CONVERSION = YES;
				CLANG_WARN_OBJC_ROOT_CLASS = YES_ERROR;
				CLANG_WARN_QUOTED_INCLUDE_IN_FRAMEWORK_HEADER = YES;
				CLANG_WARN_RANGE_LOOP_ANALYSIS = YES;
				CLANG_WARN_STRICT_PROTOTYPES = YES;
				CLANG_WARN_SUSPICIOUS_MOVE = YES;
				CLANG_WARN_UNGUARDED_AVAILABILITY = YES_AGGRESSIVE;
				CLANG_WARN_UNREACHABLE_CODE = YES;
				CLANG_WARN__DUPLICATE_METHOD_MATCH = YES;
				COPY_PHASE_STRIP = NO;
				DEBUG_INFORMATION_FORMAT = "dwarf-with-dsym";
				ENABLE_NS_ASSERTIONS = NO;
				ENABLE_STRICT_OBJC_MSGSEND = YES;
				GCC_C_LANGUAGE_STANDARD = gnu11;
				GCC_NO_COMMON_BLOCKS = YES;
				GCC_WARN_64_TO_32_BIT_CONVERSION = YES;
				GCC_WARN_ABOUT_RETURN_TYPE = YES_ERROR;
				GCC_WARN_UNDECLARED_SELECTOR = YES;
				GCC_WARN_UNINITIALIZED_AUTOS = YES_AGGRESSIVE;
				GCC_WARN_UNUSED_FUNCTION = YES;
				GCC_WARN_UNUSED_VARIABLE = YES;
				MTL_ENABLE_DEBUG_INFO = NO;
				MTL_FAST_MATH = YES;
				PRODUCT_NAME = "$(TARGET_NAME)";
				SDKROOT = iphoneos;
				SWIFT_COMPILATION_MODE = wholemodule;
				SWIFT_OPTIMIZATION_LEVEL = "-O";
				SWIFT_VERSION = 5.0;
			};
			name = Release;
		};
		D1F378B9D8994A310F5AB291 /* Release */ = {
			isa = XCBuildConfiguration;
			buildSettings = {
				ASSETCATALOG_COMPILER_APPICON_NAME = AppIcon;
				CODE_SIGN_IDENTITY = "iPhone Developer";
				INFOPLIST_FILE = WellnessDiary/Info.plist;
				IPHONEOS_DEPLOYMENT_TARGET = 14.3;
				LD_RUNPATH_SEARCH_PATHS = (
					"$(inherited)",
					"@executable_path/Frameworks",
				);
				PRODUCT_BUNDLE_IDENTIFIER = com.HealthEssentialTechnologies.WellnessDiary.WellnessDiary;
				SDKROOT = iphoneos;
				TARGETED_DEVICE_FAMILY = "1,2";
			};
			name = Release;
		};
/* End XCBuildConfiguration section */

/* Begin XCConfigurationList section */
		11BEA8D9920A4156DDC21E07 /* Build configuration list for PBXNativeTarget "WellnessDiary" */ = {
			isa = XCConfigurationList;
			buildConfigurations = (
				3D3ABF750F71EA609D130E4B /* Debug */,
				D1F378B9D8994A310F5AB291 /* Release */,
			);
			defaultConfigurationIsVisible = 0;
			defaultConfigurationName = Debug;
		};
		C816135A5D9A59F61F0CD6AD /* Build configuration list for PBXProject "WellnessDiary" */ = {
			isa = XCConfigurationList;
			buildConfigurations = (
				75401D21AD9429A32BF879E5 /* Debug */,
				BC5B917078E17F650EB17E11 /* Release */,
			);
			defaultConfigurationIsVisible = 0;
			defaultConfigurationName = Debug;
		};
/* End XCConfigurationList section */

/* Begin XCVersionGroup section */
		ABAC3454F5CCF34B9AA3E113 /* WellnessDiary.xcdatamodeld */ = {
			isa = XCVersionGroup;
			children = (
				62828B4B2D7C7A8437472C6C /* WellnessDiary.xcdatamodel */,
			);
			currentVersion = 62828B4B2D7C7A8437472C6C /* WellnessDiary.xcdatamodel */;
			path = WellnessDiary.xcdatamodeld;
			sourceTree = "<group>";
			versionGroupType = wrapper.xcdatamodel;
		};
/* End XCVersionGroup section */
	};
	rootObject = 9BDFC21C6C1C0F6256FCA8C8 /* Project object */;
}
